
Microsoft Visual Studio Solution File, Format Version 12.00
# Visual Studio Version 16
VisualStudioVersion = 16.0.29519.181
MinimumVisualStudioVersion = 10.0.40219.1
Project("{FAE04EC0-301F-11D3-BF4B-00C04F79EFBC}") = "Rossi_Riccardo_Problema_Rendez-Vous", "Rossi_Riccardo_Problema_Rendez-Vous\Rossi_Riccardo_Problema_Rendez-Vous.csproj", "{ED917AC4-9FE8-4CF1-8436-8975F3178A88}"
EndProject
Global
	GlobalSection(SolutionConfigurationPlatforms) = preSolution
		Debug|Any CPU = Debug|Any CPU
		Release|Any CPU = Release|Any CPU
	EndGlobalSection
	GlobalSection(ProjectConfigurationPlatforms) = postSolution
		{ED917AC4-9FE8-4CF1-8436-8975F3178A88}.Debug|Any CPU.ActiveCfg = Debug|Any CPU
		{ED917AC4-9FE8-4CF1-8436-8975F3178A88}.Debug|Any CPU.Build.0 = Debug|Any CPU
		{ED917AC4-9FE8-4CF1-8436-8975F3178A88}.Release|Any CPU.ActiveCfg = Release|Any CPU
		{ED917AC4-9FE8-4CF1-8436-8975F3178A88}.Release|Any CPU.Build.0 = Release|Any CPU
	EndGlobalSection
	GlobalSection(SolutionProperties) = preSolution
		HideSolutionNode = FALSE
	EndGlobalSection
	GlobalSection(ExtensibilityGlobals) = postSolution
		SolutionGuid = {9908EB92-04C9-474C-AA4B-22DB3A788DA2}
	EndGlobalSection
EndGlobal
